
Microsoft Visual Studio Solution File, Format Version 12.00
# Visual Studio Version 16
VisualStudioVersion = 16.0.34031.81
MinimumVisualStudioVersion = 10.0.40219.1
Project("{C9674DCB-5085-4A16-B785-4C70DD1589BD}") = "Data Uploading", "Data Uploading SSIS\Data Uploading.dtproj", "{62F7152F-A0B4-4213-BD55-1307D6802F4C}"
EndProject
Global
	GlobalSection(SolutionConfigurationPlatforms) = preSolution
		Development|Default = Development|Default
	EndGlobalSection
	GlobalSection(ProjectConfigurationPlatforms) = postSolution
		{62F7152F-A0B4-4213-BD55-1307D6802F4C}.Development|Default.ActiveCfg = Development
		{62F7152F-A0B4-4213-BD55-1307D6802F4C}.Development|Default.Build.0 = Development
	EndGlobalSection
	GlobalSection(SolutionProperties) = preSolution
		HideSolutionNode = FALSE
	EndGlobalSection
	GlobalSection(ExtensibilityGlobals) = postSolution
		SolutionGuid = {7D579513-9DF4-412A-BE26-70064E0244D5}
	EndGlobalSection
EndGlobal
